
Microsoft Visual Studio Solution File, Format Version 12.00
Project("{FAE04EC0-301F-11D3-BF4B-00C04F79EFBC}") = "DI", "DI\DI.csproj", "{8BCCB3CA-FD07-4DB5-A2C3-6B5F323EE723}"
EndProject
Global
	GlobalSection(SolutionConfigurationPlatforms) = preSolution
		Debug|Any CPU = Debug|Any CPU
		Release|Any CPU = Release|Any CPU
	EndGlobalSection
	GlobalSection(ProjectConfigurationPlatforms) = postSolution
		{8BCCB3CA-FD07-4DB5-A2C3-6B5F323EE723}.Debug|Any CPU.ActiveCfg = Debug|Any CPU
		{8BCCB3CA-FD07-4DB5-A2C3-6B5F323EE723}.Debug|Any CPU.Build.0 = Debug|Any CPU
		{8BCCB3CA-FD07-4DB5-A2C3-6B5F323EE723}.Release|Any CPU.ActiveCfg = Release|Any CPU
		{8BCCB3CA-FD07-4DB5-A2C3-6B5F323EE723}.Release|Any CPU.Build.0 = Release|Any CPU
	EndGlobalSection
EndGlobal
